
Microsoft Visual Studio Solution File, Format Version 12.00
# Visual Studio Version 17
VisualStudioVersion = 17.7.34031.279
MinimumVisualStudioVersion = 10.0.40219.1
Project("{FAE04EC0-301F-11D3-BF4B-00C04F79EFBC}") = "UdemyProje1", "UdemyProje1.csproj", "{641045BC-C020-4069-BCC6-53FFB973745A}"
EndProject
Global
	GlobalSection(SolutionConfigurationPlatforms) = preSolution
		Debug|Any CPU = Debug|Any CPU
		Release|Any CPU = Release|Any CPU
	EndGlobalSection
	GlobalSection(ProjectConfigurationPlatforms) = postSolution
		{641045BC-C020-4069-BCC6-53FFB973745A}.Debug|Any CPU.ActiveCfg = Debug|Any CPU
		{641045BC-C020-4069-BCC6-53FFB973745A}.Debug|Any CPU.Build.0 = Debug|Any CPU
		{641045BC-C020-4069-BCC6-53FFB973745A}.Release|Any CPU.ActiveCfg = Release|Any CPU
		{641045BC-C020-4069-BCC6-53FFB973745A}.Release|Any CPU.Build.0 = Release|Any CPU
	EndGlobalSection
	GlobalSection(SolutionProperties) = preSolution
		HideSolutionNode = FALSE
	EndGlobalSection
	GlobalSection(ExtensibilityGlobals) = postSolution
		SolutionGuid = {FB3B5E3C-73DD-4048-9523-490A7A15A2FC}
	EndGlobalSection
EndGlobal
